
Microsoft Visual Studio Solution File, Format Version 12.00
# Visual Studio Version 17
VisualStudioVersion = 17.7.34031.279
MinimumVisualStudioVersion = 10.0.40219.1
Project("{FAE04EC0-301F-11D3-BF4B-00C04F79EFBC}") = "DemoProject.Api", "DemoProject\DemoProject.Api.csproj", "{A2A1BEC6-1DC4-4E5D-80A3-BF98447DC77A}"
EndProject
Project("{FAE04EC0-301F-11D3-BF4B-00C04F79EFBC}") = "DemoProject.Infrastucture", "DemoProject.Infrastucture\DemoProject.Infrastucture.csproj", "{1FF1C0B2-0D39-4BA6-B14A-B203F764990A}"
EndProject
Project("{FAE04EC0-301F-11D3-BF4B-00C04F79EFBC}") = "DemoProject.Service", "DemoProject.Application\DemoProject.Service.csproj", "{CE0C9D28-908C-451C-951C-A94CFF857273}"
EndProject
Project("{FAE04EC0-301F-11D3-BF4B-00C04F79EFBC}") = "DemoProject.Domain", "DemoProject.Domain\DemoProject.Domain.csproj", "{D5A1D7EA-349B-4C5F-A23D-9B86FF1D0AA3}"
EndProject
Project("{FAE04EC0-301F-11D3-BF4B-00C04F79EFBC}") = "DemoProject.Tests", "DemoProject.Tests\DemoProject.Tests.csproj", "{52387D7A-710A-4F7D-9B33-25BC3772DFD6}"
EndProject
Global
	GlobalSection(SolutionConfigurationPlatforms) = preSolution
		Debug|Any CPU = Debug|Any CPU
		Release|Any CPU = Release|Any CPU
	EndGlobalSection
	GlobalSection(ProjectConfigurationPlatforms) = postSolution
		{A2A1BEC6-1DC4-4E5D-80A3-BF98447DC77A}.Debug|Any CPU.ActiveCfg = Debug|Any CPU
		{A2A1BEC6-1DC4-4E5D-80A3-BF98447DC77A}.Debug|Any CPU.Build.0 = Debug|Any CPU
		{A2A1BEC6-1DC4-4E5D-80A3-BF98447DC77A}.Release|Any CPU.ActiveCfg = Release|Any CPU
		{A2A1BEC6-1DC4-4E5D-80A3-BF98447DC77A}.Release|Any CPU.Build.0 = Release|Any CPU
		{1FF1C0B2-0D39-4BA6-B14A-B203F764990A}.Debug|Any CPU.ActiveCfg = Debug|Any CPU
		{1FF1C0B2-0D39-4BA6-B14A-B203F764990A}.Debug|Any CPU.Build.0 = Debug|Any CPU
		{1FF1C0B2-0D39-4BA6-B14A-B203F764990A}.Release|Any CPU.ActiveCfg = Release|Any CPU
		{1FF1C0B2-0D39-4BA6-B14A-B203F764990A}.Release|Any CPU.Build.0 = Release|Any CPU
		{CE0C9D28-908C-451C-951C-A94CFF857273}.Debug|Any CPU.ActiveCfg = Debug|Any CPU
		{CE0C9D28-908C-451C-951C-A94CFF857273}.Debug|Any CPU.Build.0 = Debug|Any CPU
		{CE0C9D28-908C-451C-951C-A94CFF857273}.Release|Any CPU.ActiveCfg = Release|Any CPU
		{CE0C9D28-908C-451C-951C-A94CFF857273}.Release|Any CPU.Build.0 = Release|Any CPU
		{D5A1D7EA-349B-4C5F-A23D-9B86FF1D0AA3}.Debug|Any CPU.ActiveCfg = Debug|Any CPU
		{D5A1D7EA-349B-4C5F-A23D-9B86FF1D0AA3}.Debug|Any CPU.Build.0 = Debug|Any CPU
		{D5A1D7EA-349B-4C5F-A23D-9B86FF1D0AA3}.Release|Any CPU.ActiveCfg = Release|Any CPU
		{D5A1D7EA-349B-4C5F-A23D-9B86FF1D0AA3}.Release|Any CPU.Build.0 = Release|Any CPU
		{52387D7A-710A-4F7D-9B33-25BC3772DFD6}.Debug|Any CPU.ActiveCfg = Debug|Any CPU
		{52387D7A-710A-4F7D-9B33-25BC3772DFD6}.Debug|Any CPU.Build.0 = Debug|Any CPU
		{52387D7A-710A-4F7D-9B33-25BC3772DFD6}.Release|Any CPU.ActiveCfg = Release|Any CPU
		{52387D7A-710A-4F7D-9B33-25BC3772DFD6}.Release|Any CPU.Build.0 = Release|Any CPU
	EndGlobalSection
	GlobalSection(SolutionProperties) = preSolution
		HideSolutionNode = FALSE
	EndGlobalSection
	GlobalSection(ExtensibilityGlobals) = postSolution
		SolutionGuid = {D4CEB5B9-CA20-45B6-84C7-D3C9769BC2E8}
	EndGlobalSection
EndGlobal
